// !$*UTF8*$!
{
	archiveVersion = 1;
	classes = {
	};
	objectVersion = 50;
	objects = {

/* Begin PBXBuildFile section */
		BCAC09A624DFE72B00D2771C /* AppDelegate.swift in Sources */ = {isa = PBXBuildFile; fileRef = BCAC09A524DFE72B00D2771C /* AppDelegate.swift */; };
		BCAC09A824DFE72B00D2771C /* SceneDelegate.swift in Sources */ = {isa = PBXBuildFile; fileRef = BCAC09A724DFE72B00D2771C /* SceneDelegate.swift */; };
		BCAC09AA24DFE72B00D2771C /* ViewController.swift in Sources */ = {isa = PBXBuildFile; fileRef = BCAC09A924DFE72B00D2771C /* ViewController.swift */; };
		BCAC09AD24DFE72B00D2771C /* Main.storyboard in Resources */ = {isa = PBXBuildFile; fileRef = BCAC09AB24DFE72B00D2771C /* Main.storyboard */; };
		BCAC09AF24DFE72D00D2771C /* Assets.xcassets in Resources */ = {isa = PBXBuildFile; fileRef = BCAC09AE24DFE72D00D2771C /* Assets.xcassets */; };
		BCAC09B224DFE72D00D2771C /* LaunchScreen.storyboard in Resources */ = {isa = PBXBuildFile; fileRef = BCAC09B024DFE72D00D2771C /* LaunchScreen.storyboard */; };
/* End PBXBuildFile section */

/* Begin PBXFileReference section */
		BCAC09A224DFE72B00D2771C /* SecondKadaiApp.app */ = {isa = PBXFileReference; explicitFileType = wrapper.application; includeInIndex = 0; path = SecondKadaiApp.app; sourceTree = BUILT_PRODUCTS_DIR; };
		BCAC09A524DFE72B00D2771C /* AppDelegate.swift */ = {isa = PBXFileReference; lastKnownFileType = sourcecode.swift; path = AppDelegate.swift; sourceTree = "<group>"; };
		BCAC09A724DFE72B00D2771C /* SceneDelegate.swift */ = {isa = PBXFileReference; lastKnownFileType = sourcecode.swift; path = SceneDelegate.swift; sourceTree = "<group>"; };
		BCAC09A924DFE72B00D2771C /* ViewController.swift */ = {isa = PBXFileReference; lastKnownFileType = sourcecode.swift; path = ViewController.swift; sourceTree = "<group>"; };
		BCAC09AC24DFE72B00D2771C /* Base */ = {isa = PBXFileReference; lastKnownFileType = file.storyboard; name = Base; path = Base.lproj/Main.storyboard; sourceTree = "<group>"; };
		BCAC09AE24DFE72D00D2771C /* Assets.xcassets */ = {isa = PBXFileReference; lastKnownFileType = folder.assetcatalog; path = Assets.xcassets; sourceTree = "<group>"; };
		BCAC09B124DFE72D00D2771C /* Base */ = {isa = PBXFileReference; lastKnownFileType = file.storyboard; name = Base; path = Base.lproj/LaunchScreen.storyboard; sourceTree = "<group>"; };
		BCAC09B324DFE72D00D2771C /* Info.plist */ = {isa = PBXFileReference; lastKnownFileType = text.plist.xml; path = Info.plist; sourceTree = "<group>"; };
/* End PBXFileReference section */

/* Begin PBXFrameworksBuildPhase section */
		BCAC099F24DFE72B00D2771C /* Frameworks */ = {
			isa = PBXFrameworksBuildPhase;
			buildActionMask = 2147483647;
			files = (
			);
			runOnlyForDeploymentPostprocessing = 0;
		};
/* End PBXFrameworksBuildPhase section */

/* Begin PBXGroup section */
		BCAC099924DFE72B00D2771C = {
			isa = PBXGroup;
			children = (
				BCAC09A424DFE72B00D2771C /* SecondKadaiApp */,
				BCAC09A324DFE72B00D2771C /* Products */,
			);
			sourceTree = "<group>";
		};
		BCAC09A324DFE72B00D2771C /* Products */ = {
			isa = PBXGroup;
			children = (
				BCAC09A224DFE72B00D2771C /* SecondKadaiApp.app */,
			);
			name = Products;
			sourceTree = "<group>";
		};
		BCAC09A424DFE72B00D2771C /* SecondKadaiApp */ = {
			isa = PBXGroup;
			children = (
				BCAC09A524DFE72B00D2771C /* AppDelegate.swift */,
				BCAC09A724DFE72B00D2771C /* SceneDelegate.swift */,
				BCAC09A924DFE72B00D2771C /* ViewController.swift */,
				BCAC09AB24DFE72B00D2771C /* Main.storyboard */,
				BCAC09AE24DFE72D00D2771C /* Assets.xcassets */,
				BCAC09B024DFE72D00D2771C /* LaunchScreen.storyboard */,
				BCAC09B324DFE72D00D2771C /* Info.plist */,
			);
			path = SecondKadaiApp;
			sourceTree = "<group>";
		};
/* End PBXGroup section */

/* Begin PBXNativeTarget section */
		BCAC09A124DFE72B00D2771C /* SecondKadaiApp */ = {
			isa = PBXNativeTarget;
			buildConfigurationList = BCAC09B624DFE72D00D2771C /* Build configuration list for PBXNativeTarget "SecondKadaiApp" */;
			buildPhases = (
				BCAC099E24DFE72B00D2771C /* Sources */,
				BCAC099F24DFE72B00D2771C /* Frameworks */,
				BCAC09A024DFE72B00D2771C /* Resources */,
			);
			buildRules = (
			);
			dependencies = (
			);
			name = SecondKadaiApp;
			productName = SecondKadaiApp;
			productReference = BCAC09A224DFE72B00D2771C /* SecondKadaiApp.app */;
			productType = "com.apple.product-type.application";
		};
/* End PBXNativeTarget section */

/* Begin PBXProject section */
		BCAC099A24DFE72B00D2771C /* Project object */ = {
			isa = PBXProject;
			attributes = {
				LastSwiftUpdateCheck = 1140;
				LastUpgradeCheck = 1140;
				ORGANIZATIONNAME = yashogoz;
				TargetAttributes = {
					BCAC09A124DFE72B00D2771C = {
						CreatedOnToolsVersion = 11.4.1;
					};
				};
			};
			buildConfigurationList = BCAC099D24DFE72B00D2771C /* Build configuration list for PBXProject "SecondKadaiApp" */;
			compatibilityVersion = "Xcode 9.3";
			developmentRegion = en;
			hasScannedForEncodings = 0;
			knownRegions = (
				en,
				Base,
			);
			mainGroup = BCAC099924DFE72B00D2771C;
			productRefGroup = BCAC09A324DFE72B00D2771C /* Products */;
			projectDirPath = "";
			projectRoot = "";
			targets = (
				BCAC09A124DFE72B00D2771C /* SecondKadaiApp */,
			);
		};
/* End PBXProject section */

/* Begin PBXResourcesBuildPhase section */
		BCAC09A024DFE72B00D2771C /* Resources */ = {
			isa = PBXResourcesBuildPhase;
			buildActionMask = 2147483647;
			files = (
				BCAC09B224DFE72D00D2771C /* LaunchScreen.storyboard in Resources */,
				BCAC09AF24DFE72D00D2771C /* Assets.xcassets in Resources */,
				BCAC09AD24DFE72B00D2771C /* Main.storyboard in Resources */,
			);
			runOnlyForDeploymentPostprocessing = 0;
		};
/* End PBXResourcesBuildPhase section */

/* Begin PBXSourcesBuildPhase section */
		BCAC099E24DFE72B00D2771C /* Sources */ = {
			isa = PBXSourcesBuildPhase;
			buildActionMask = 2147483647;
			files = (
				BCAC09AA24DFE72B00D2771C /* ViewController.swift in Sources */,
				BCAC09A624DFE72B00D2771C /* AppDelegate.swift in Sources */,
				BCAC09A824DFE72B00D2771C /* SceneDelegate.swift in Sources */,
			);
			runOnlyForDeploymentPostprocessing = 0;
		};
/* End PBXSourcesBuildPhase section */

/* Begin PBXVariantGroup section */
		BCAC09AB24DFE72B00D2771C /* Main.storyboard */ = {
			isa = PBXVariantGroup;
			children = (
				BCAC09AC24DFE72B00D2771C /* Base */,
			);
			name = Main.storyboard;
			sourceTree = "<group>";
		};
		BCAC09B024DFE72D00D2771C /* LaunchScreen.storyboard */ = {
			isa = PBXVariantGroup;
			children = (
				BCAC09B124DFE72D00D2771C /* Base */,
			);
			name = LaunchScreen.storyboard;
			sourceTree = "<group>";
		};
/* End PBXVariantGroup section */

/* Begin XCBuildConfiguration section */
		BCAC09B424DFE72D00D2771C /* Debug */ = {
			isa = XCBuildConfiguration;
			buildSettings = {
				ALWAYS_SEARCH_USER_PATHS = NO;
				CLANG_ANALYZER_NONNULL = YES;
				CLANG_ANALYZER_NUMBER_OBJECT_CONVERSION = YES_AGGRESSIVE;
				CLANG_CXX_LANGUAGE_STANDARD = "gnu++14";
				CLANG_CXX_LIBRARY = "libc++";
				CLANG_ENABLE_MODULES = YES;
				CLANG_ENABLE_OBJC_ARC = YES;
				CLANG_ENABLE_OBJC_WEAK = YES;
				CLANG_WARN_BLOCK_CAPTURE_AUTORELEASING = YES;
				CLANG_WARN_BOOL_CONVERSION = YES;
				CLANG_WARN_COMMA = YES;
				CLANG_WARN_CONSTANT_CONVERSION = YES;
				CLANG_WARN_DEPRECATED_OBJC_IMPLEMENTATIONS = YES;
				CLANG_WARN_DIRECT_OBJC_ISA_USAGE = YES_ERROR;
				CLANG_WARN_DOCUMENTATION_COMMENTS = YES;
				CLANG_WARN_EMPTY_BODY = YES;
				CLANG_WARN_ENUM_CONVERSION = YES;
				CLANG_WARN_INFINITE_RECURSION = YES;
				CLANG_WARN_INT_CONVERSION = YES;
				CLANG_WARN_NON_LITERAL_NULL_CONVERSION = YES;
				CLANG_WARN_OBJC_IMPLICIT_RETAIN_SELF = YES;
				CLANG_WARN_OBJC_LITERAL_CONVERSION = YES;
				CLANG_WARN_OBJC_ROOT_CLASS = YES_ERROR;
				CLANG_WARN_RANGE_LOOP_ANALYSIS = YES;
				CLANG_WARN_STRICT_PROTOTYPES = YES;
				CLANG_WARN_SUSPICIOUS_MOVE = YES;
				CLANG_WARN_UNGUARDED_AVAILABILITY = YES_AGGRESSIVE;
				CLANG_WARN_UNREACHABLE_CODE = YES;
				CLANG_WARN__DUPLICATE_METHOD_MATCH = YES;
				COPY_PHASE_STRIP = NO;
				DEBUG_INFORMATION_FORMAT = dwarf;
				ENABLE_STRICT_OBJC_MSGSEND = YES;
				ENABLE_TESTABILITY = YES;
				GCC_C_LANGUAGE_STANDARD = gnu11;
				GCC_DYNAMIC_NO_PIC = NO;
				GCC_NO_COMMON_BLOCKS = YES;
				GCC_OPTIMIZATION_LEVEL = 0;
				GCC_PREPROCESSOR_DEFINITIONS = (
					"DEBUG=1",
					"$(inherited)",
				);
				GCC_WARN_64_TO_32_BIT_CONVERSION = YES;
				GCC_WARN_ABOUT_RETURN_TYPE = YES_ERROR;
				GCC_WARN_UNDECLARED_SELECTOR = YES;
				GCC_WARN_UNINITIALIZED_AUTOS = YES_AGGRESSIVE;
				GCC_WARN_UNUSED_FUNCTION = YES;
				GCC_WARN_UNUSED_VARIABLE = YES;
				IPHONEOS_DEPLOYMENT_TARGET = 13.4;
				MTL_ENABLE_DEBUG_INFO = INCLUDE_SOURCE;
				MTL_FAST_MATH = YES;
				ONLY_ACTIVE_ARCH = YES;
				SDKROOT = iphoneos;
				SWIFT_ACTIVE_COMPILATION_CONDITIONS = DEBUG;
				SWIFT_OPTIMIZATION_LEVEL = "-Onone";
			};
			name = Debug;
		};
		BCAC09B524DFE72D00D2771C /* Release */ = {
			isa = XCBuildConfiguration;
			buildSettings = {
				ALWAYS_SEARCH_USER_PATHS = NO;
				CLANG_ANALYZER_NONNULL = YES;
				CLANG_ANALYZER_NUMBER_OBJECT_CONVERSION = YES_AGGRESSIVE;
				CLANG_CXX_LANGUAGE_STANDARD = "gnu++14";
				CLANG_CXX_LIBRARY = "libc++";
				CLANG_ENABLE_MODULES = YES;
				CLANG_ENABLE_OBJC_ARC = YES;
				CLANG_ENABLE_OBJC_WEAK = YES;
				CLANG_WARN_BLOCK_CAPTURE_AUTORELEASING = YES;
				CLANG_WARN_BOOL_CONVERSION = YES;
				CLANG_WARN_COMMA = YES;
				CLANG_WARN_CONSTANT_CONVERSION = YES;
				CLANG_WARN_DEPRECATED_OBJC_IMPLEMENTATIONS = YES;
				CLANG_WARN_DIRECT_OBJC_ISA_USAGE = YES_ERROR;
				CLANG_WARN_DOCUMENTATION_COMMENTS = YES;
				CLANG_WARN_EMPTY_BODY = YES;
				CLANG_WARN_ENUM_CONVERSION = YES;
				CLANG_WARN_INFINITE_RECURSION = YES;
				CLANG_WARN_INT_CONVERSION = YES;
				CLANG_WARN_NON_LITERAL_NULL_CONVERSION = YES;
				CLANG_WARN_OBJC_IMPLICIT_RETAIN_SELF = YES;
				CLANG_WARN_OBJC_LITERAL_CONVERSION = YES;
				CLANG_WARN_OBJC_ROOT_CLASS = YES_ERROR;
				CLANG_WARN_RANGE_LOOP_ANALYSIS = YES;
				CLANG_WARN_STRICT_PROTOTYPES = YES;
				CLANG_WARN_SUSPICIOUS_MOVE = YES;
				CLANG_WARN_UNGUARDED_AVAILABILITY = YES_AGGRESSIVE;
				CLANG_WARN_UNREACHABLE_CODE = YES;
				CLANG_WARN__DUPLICATE_METHOD_MATCH = YES;
				COPY_PHASE_STRIP = NO;
				DEBUG_INFORMATION_FORMAT = "dwarf-with-dsym";
				ENABLE_NS_ASSERTIONS = NO;
				ENABLE_STRICT_OBJC_MSGSEND = YES;
				GCC_C_LANGUAGE_STANDARD = gnu11;
				GCC_NO_COMMON_BLOCKS = YES;
				GCC_WARN_64_TO_32_BIT_CONVERSION = YES;
				GCC_WARN_ABOUT_RETURN_TYPE = YES_ERROR;
				GCC_WARN_UNDECLARED_SELECTOR = YES;
				GCC_WARN_UNINITIALIZED_AUTOS = YES_AGGRESSIVE;
				GCC_WARN_UNUSED_FUNCTION = YES;
				GCC_WARN_UNUSED_VARIABLE = YES;
				IPHONEOS_DEPLOYMENT_TARGET = 13.4;
				MTL_ENABLE_DEBUG_INFO = NO;
				MTL_FAST_MATH = YES;
				SDKROOT = iphoneos;
				SWIFT_COMPILATION_MODE = wholemodule;
				SWIFT_OPTIMIZATION_LEVEL = "-O";
				VALIDATE_PRODUCT = YES;
			};
			name = Release;
		};
		BCAC09B724DFE72D00D2771C /* Debug */ = {
			isa = XCBuildConfiguration;
			buildSettings = {
				ASSETCATALOG_COMPILER_APPICON_NAME = AppIcon;
				CODE_SIGN_STYLE = Automatic;
				INFOPLIST_FILE = SecondKadaiApp/Info.plist;
				LD_RUNPATH_SEARCH_PATHS = (
					"$(inherited)",
					"@executable_path/Frameworks",
				);
				PRODUCT_BUNDLE_IDENTIFIER = jp.techacademy.yashogoz.SecondKadaiApp;
				PRODUCT_NAME = "$(TARGET_NAME)";
				SWIFT_VERSION = 5.0;
				TARGETED_DEVICE_FAMILY = "1,2";
			};
			name = Debug;
		};
		BCAC09B824DFE72D00D2771C /* Release */ = {
			isa = XCBuildConfiguration;
			buildSettings = {
				ASSETCATALOG_COMPILER_APPICON_NAME = AppIcon;
				CODE_SIGN_STYLE = Automatic;
				INFOPLIST_FILE = SecondKadaiApp/Info.plist;
				LD_RUNPATH_SEARCH_PATHS = (
					"$(inherited)",
					"@executable_path/Frameworks",
				);
				PRODUCT_BUNDLE_IDENTIFIER = jp.techacademy.yashogoz.SecondKadaiApp;
				PRODUCT_NAME = "$(TARGET_NAME)";
				SWIFT_VERSION = 5.0;
				TARGETED_DEVICE_FAMILY = "1,2";
			};
			name = Release;
		};
/* End XCBuildConfiguration section */

/* Begin XCConfigurationList section */
		BCAC099D24DFE72B00D2771C /* Build configuration list for PBXProject "SecondKadaiApp" */ = {
			isa = XCConfigurationList;
			buildConfigurations = (
				BCAC09B424DFE72D00D2771C /* Debug */,
				BCAC09B524DFE72D00D2771C /* Release */,
			);
			defaultConfigurationIsVisible = 0;
			defaultConfigurationName = Release;
		};
		BCAC09B624DFE72D00D2771C /* Build configuration list for PBXNativeTarget "SecondKadaiApp" */ = {
			isa = XCConfigurationList;
			buildConfigurations = (
				BCAC09B724DFE72D00D2771C /* Debug */,
				BCAC09B824DFE72D00D2771C /* Release */,
			);
			defaultConfigurationIsVisible = 0;
			defaultConfigurationName = Release;
		};
/* End XCConfigurationList section */
	};
	rootObject = BCAC099A24DFE72B00D2771C /* Project object */;
}
